
Microsoft Visual Studio Solution File, Format Version 12.00
# Visual Studio Version 17
VisualStudioVersion = 17.3.32825.248
MinimumVisualStudioVersion = 10.0.40219.1
Project("{9A19103F-16F7-4668-BE54-9A1E7A4F7556}") = "Toan", "Toan\Toan.csproj", "{F60C0F7A-235D-4BEE-BCFA-C53DD6036497}"
EndProject
Global
	GlobalSection(SolutionConfigurationPlatforms) = preSolution
		Debug|Any CPU = Debug|Any CPU
		Release|Any CPU = Release|Any CPU
	EndGlobalSection
	GlobalSection(ProjectConfigurationPlatforms) = postSolution
		{F60C0F7A-235D-4BEE-BCFA-C53DD6036497}.Debug|Any CPU.ActiveCfg = Debug|Any CPU
		{F60C0F7A-235D-4BEE-BCFA-C53DD6036497}.Debug|Any CPU.Build.0 = Debug|Any CPU
		{F60C0F7A-235D-4BEE-BCFA-C53DD6036497}.Release|Any CPU.ActiveCfg = Release|Any CPU
		{F60C0F7A-235D-4BEE-BCFA-C53DD6036497}.Release|Any CPU.Build.0 = Release|Any CPU
	EndGlobalSection
	GlobalSection(SolutionProperties) = preSolution
		HideSolutionNode = FALSE
	EndGlobalSection
	GlobalSection(ExtensibilityGlobals) = postSolution
		SolutionGuid = {A9015D6A-7039-4CA1-811A-D705A22F3A46}
	EndGlobalSection
EndGlobal
